Microsoft Visual Studio Solution File, Format Version 12.00
# Visual Studio Version 17
VisualStudioVersion = 17.5.2.0
MinimumVisualStudioVersion = 10.0.40219.1
Project("{2150E333-8FDC-42A3-9474-1A3956D46DE8}") = ".NET", ".NET", "{79120BB5-7395-B9EE-4BB5-58082D0F308B}"
EndProject
Project("{FAE04EC0-301F-11D3-BF4B-00C04F79EFBC}") = "SampleApp", ".NET\SampleApp\SampleApp.csproj", "{EABDF7CF-1089-6A10-4A8C-A6E2C520EDDD}"
EndProject
Global
	GlobalSection(SolutionConfigurationPlatforms) = preSolution
		Debug|Any CPU = Debug|Any CPU
		Release|Any CPU = Release|Any CPU
	EndGlobalSection
	GlobalSection(ProjectConfigurationPlatforms) = postSolution
		{EABDF7CF-1089-6A10-4A8C-A6E2C520EDDD}.Debug|Any CPU.ActiveCfg = Debug|Any CPU
		{EABDF7CF-1089-6A10-4A8C-A6E2C520EDDD}.Debug|Any CPU.Build.0 = Debug|Any CPU
		{EABDF7CF-1089-6A10-4A8C-A6E2C520EDDD}.Release|Any CPU.ActiveCfg = Release|Any CPU
		{EABDF7CF-1089-6A10-4A8C-A6E2C520EDDD}.Release|Any CPU.Build.0 = Release|Any CPU
	EndGlobalSection
	GlobalSection(SolutionProperties) = preSolution
		HideSolutionNode = FALSE
	EndGlobalSection
	GlobalSection(NestedProjects) = preSolution
		{EABDF7CF-1089-6A10-4A8C-A6E2C520EDDD} = {79120BB5-7395-B9EE-4BB5-58082D0F308B}
	EndGlobalSection
	GlobalSection(ExtensibilityGlobals) = postSolution
		SolutionGuid = {690290FA-5CA0-4293-B92C-0DBB77C53CC3}
	EndGlobalSection
EndGlobal
